
Microsoft Visual Studio Solution File, Format Version 12.00
# Visual Studio 15
VisualStudioVersion = 15.0.28307.779
MinimumVisualStudioVersion = 10.0.40219.1
Project("{FAE04EC0-301F-11D3-BF4B-00C04F79EFBC}") = "VoucherWeb", "VoucherWeb\VoucherWeb.csproj", "{7B10B3AD-7140-49EE-8AB5-1BB105389D41}"
EndProject
Project("{FAE04EC0-301F-11D3-BF4B-00C04F79EFBC}") = "Modelo", "Modelo\Modelo.csproj", "{00B1162F-B669-4A46-A28D-26B6415072E8}"
EndProject
Project("{FAE04EC0-301F-11D3-BF4B-00C04F79EFBC}") = "Controlador", "Controlador\Controlador.csproj", "{7ADAB91F-323B-40DF-AB58-B639D2CA773F}"
EndProject
Global
	GlobalSection(SolutionConfigurationPlatforms) = preSolution
		Debug|Any CPU = Debug|Any CPU
		Release|Any CPU = Release|Any CPU
	EndGlobalSection
	GlobalSection(ProjectConfigurationPlatforms) = postSolution
		{7B10B3AD-7140-49EE-8AB5-1BB105389D41}.Debug|Any CPU.ActiveCfg = Debug|Any CPU
		{7B10B3AD-7140-49EE-8AB5-1BB105389D41}.Debug|Any CPU.Build.0 = Debug|Any CPU
		{7B10B3AD-7140-49EE-8AB5-1BB105389D41}.Release|Any CPU.ActiveCfg = Release|Any CPU
		{7B10B3AD-7140-49EE-8AB5-1BB105389D41}.Release|Any CPU.Build.0 = Release|Any CPU
		{00B1162F-B669-4A46-A28D-26B6415072E8}.Debug|Any CPU.ActiveCfg = Debug|Any CPU
		{00B1162F-B669-4A46-A28D-26B6415072E8}.Debug|Any CPU.Build.0 = Debug|Any CPU
		{00B1162F-B669-4A46-A28D-26B6415072E8}.Release|Any CPU.ActiveCfg = Release|Any CPU
		{00B1162F-B669-4A46-A28D-26B6415072E8}.Release|Any CPU.Build.0 = Release|Any CPU
		{7ADAB91F-323B-40DF-AB58-B639D2CA773F}.Debug|Any CPU.ActiveCfg = Debug|Any CPU
		{7ADAB91F-323B-40DF-AB58-B639D2CA773F}.Debug|Any CPU.Build.0 = Debug|Any CPU
		{7ADAB91F-323B-40DF-AB58-B639D2CA773F}.Release|Any CPU.ActiveCfg = Release|Any CPU
		{7ADAB91F-323B-40DF-AB58-B639D2CA773F}.Release|Any CPU.Build.0 = Release|Any CPU
	EndGlobalSection
	GlobalSection(SolutionProperties) = preSolution
		HideSolutionNode = FALSE
	EndGlobalSection
	GlobalSection(ExtensibilityGlobals) = postSolution
		SolutionGuid = {A1EE0983-302A-4E3A-B8E9-4FD1C10F2F41}
	EndGlobalSection
EndGlobal
